<?xml version="1.0" encoding="utf-8"?>
<Project ToolsVersion="4.0" xmlns="http://schemas.microsoft.com/developer/msbuild/2003">
  <ItemGroup>
    <Filter Include="Core">
      <UniqueIdentifier>{8e74ed63-496b-43ce-b7ea-77b4b81dd90c}</UniqueIdentifier>
    </Filter>
    <Filter Include="Core\Header Files">
      <UniqueIdentifier>{148ac203-d1ea-41fb-a7aa-3d2fd83b302b}</UniqueIdentifier>
    </Filter>
    <Filter Include="Core\Source Files">
      <UniqueIdentifier>{359911b7-990e-4aab-9160-f115b7c49da0}</UniqueIdentifier>
    </Filter>
    <Filter Include="Project">
      <UniqueIdentifier>{dfcbd065-eb15-4cfd-a872-ab6c8d4dba40}</UniqueIdentifier>
    </Filter>
    <Filter Include="Project\Source Files">
      <UniqueIdentifier>{4FC737F1-C7A5-4376-A066-2A32D752A2FF}</UniqueIdentifier>
      <Extensions>cpp;c;cc;cxx;c++;cppm;ixx;def;odl;idl;hpj;bat;asm;asmx</Extensions>
    </Filter>
    <Filter Include="Project\Resource Files">
      <UniqueIdentifier>{67DA6AB6-F800-4c08-8B7A-83BB121AAD01}</UniqueIdentifier>
      <Extensions>rc;ico;cur;bmp;dlg;rc2;rct;bin;rgs;gif;jpg;jpeg;jpe;resx;tiff;tif;png;wav;mfcribbon-ms</Extensions>
    </Filter>
    <Filter Include="Project\Resource Files\Font">
      <UniqueIdentifier>{83ab2757-695c-4669-a291-bb2b13327db9}</UniqueIdentifier>
    </Filter>
    <Filter Include="Project\Header Files">
      <UniqueIdentifier>{93995380-89BD-4b04-88EB-625FBE52EBFB}</UniqueIdentifier>
      <Extensions>h;hh;hpp;hxx;h++;hm;inl;inc;ipp;xsd</Extensions>
    </Filter>
    <Filter Include="Project\Header Files\Agents">
      <UniqueIdentifier>{d59909a0-a2ed-4e01-adb2-f26471c6f400}</UniqueIdentifier>
    </Filter>
    <Filter Include="Project\Source Files\Agents">
      <UniqueIdentifier>{2329fe93-1b4e-46be-92b6-f9e5e8b14065}</UniqueIdentifier>
    </Filter>
    <Filter Include="Project\Source Files\AI">
      <UniqueIdentifier>{24639bfe-e17f-41a5-8454-b869ba1a3795}</UniqueIdentifier>
    </Filter>
    <Filter Include="Project\Header Files\AI">
      <UniqueIdentifier>{174f6d3d-95eb-4cf3-b013-75a35d0d827c}</UniqueIdentifier>
    </Filter>
    <Filter Include="Project\Resource Files\Textures">
      <UniqueIdentifier>{376eba35-92f2-42fd-bb8c-50a4ae2f0645}</UniqueIdentifier>
    </Filter>
    <Filter Include="ImGui">
      <UniqueIdentifier>{57b2eb21-cff7-4be2-9c4e-f91e4a2decda}</UniqueIdentifier>
    </Filter>
    <Filter Include="ImGui\Header Files">
      <UniqueIdentifier>{e13ff132-4aa8-4438-b36d-bfa305c3cb70}</UniqueIdentifier>
    </Filter>
    <Filter Include="ImGui\Source Files">
      <UniqueIdentifier>{42631023-1b4e-4026-bf2e-78a535f4e234}</UniqueIdentifier>
    </Filter>
    <Filter Include="Core\Header Files\Debugging">
      <UniqueIdentifier>{b2c5f4d0-382d-4351-8add-7e70c930aabc}</UniqueIdentifier>
    </Filter>
    <Filter Include="Core\Source Files\Debugging">
      <UniqueIdentifier>{1719f9a1-5bf5-4f56-b913-c0b3d885b042}</UniqueIdentifier>
    </Filter>
    <Filter Include="Core\Source Files\Rendering">
      <UniqueIdentifier>{44c16777-c726-4884-996c-cd82eaf8899a}</UniqueIdentifier>
    </Filter>
    <Filter Include="Core\Source Files\Structures">
      <UniqueIdentifier>{01710f13-2d94-4578-851a-2215a0446280}</UniqueIdentifier>
    </Filter>
    <Filter Include="Core\Header Files\Structures">
      <UniqueIdentifier>{f118eb45-d9f5-49f5-a0c7-a5fd64088919}</UniqueIdentifier>
    </Filter>
    <Filter Include="Core\Header Files\Rendering">
      <UniqueIdentifier>{115c1f40-a3d8-465b-a155-568855f1e01f}</UniqueIdentifier>
    </Filter>
    <Filter Include="Project\Source Files\AI\Pathfinding">
      <UniqueIdentifier>{1c8c7e28-5147-4497-8bb2-0347cc742890}</UniqueIdentifier>
    </Filter>
    <Filter Include="Project\Header Files\AI\Pathfinding">
      <UniqueIdentifier>{0ca3efda-ac14-4813-9ce2-f8b1cad0bc2b}</UniqueIdentifier>
    </Filter>
    <Filter Include="Project\Resource Files\Configuration">
      <UniqueIdentifier>{2adcfb95-1153-4a29-ba3e-5068038e5cf1}</UniqueIdentifier>
    </Filter>
  </ItemGroup>
  <ItemGroup>
    <ClCompile Include="source\AiGame.cpp">
      <Filter>Project\Source Files</Filter>
    </ClCompile>
    <ClCompile Include="source\Core\Game.cpp">
      <Filter>Core\Source Files</Filter>
    </ClCompile>
    <ClCompile Include="source\Core\Input.cpp">
      <Filter>Core\Source Files</Filter>
    </ClCompile>
    <ClCompile Include="source\Core\Window.cpp">
      <Filter>Core\Source Files</Filter>
    </ClCompile>
    <ClCompile Include="main.cpp">
      <Filter>Core</Filter>
    </ClCompile>
    <ClCompile Include="source\Agents\AgentManager.cpp">
      <Filter>Project\Source Files\Agents</Filter>
    </ClCompile>
    <ClCompile Include="source\Agents\Agent.cpp">
      <Filter>Project\Source Files\Agents</Filter>
    </ClCompile>
    <ClCompile Include="source\Core\GameTime.cpp">
      <Filter>Core\Source Files</Filter>
    </ClCompile>
    <ClCompile Include="imgui\imgui_widgets.cpp">
      <Filter>ImGui\Source Files</Filter>
    </ClCompile>
    <ClCompile Include="imgui\imgui_tables.cpp">
      <Filter>ImGui\Source Files</Filter>
    </ClCompile>
    <ClCompile Include="imgui\imgui_impl_opengl3.cpp">
      <Filter>ImGui\Source Files</Filter>
    </ClCompile>
    <ClCompile Include="imgui\imgui_draw.cpp">
      <Filter>ImGui\Source Files</Filter>
    </ClCompile>
    <ClCompile Include="imgui\imgui_impl_glfw.cpp">
      <Filter>ImGui\Source Files</Filter>
    </ClCompile>
    <ClCompile Include="imgui\imgui_demo.cpp">
      <Filter>ImGui\Source Files</Filter>
    </ClCompile>
    <ClCompile Include="imgui\imgui.cpp">
      <Filter>ImGui\Source Files</Filter>
    </ClCompile>
    <ClCompile Include="source\Core\Debugging\Debugger.cpp">
      <Filter>Core\Source Files\Debugging</Filter>
    </ClCompile>
    <ClCompile Include="source\Core\Debugging\IDebugHandler.cpp">
      <Filter>Core\Source Files\Debugging</Filter>
    </ClCompile>
    <ClCompile Include="source\Core\Rendering\Renderer2D.cpp">
      <Filter>Core\Source Files\Rendering</Filter>
    </ClCompile>
    <ClCompile Include="source\Core\Rendering\Font.cpp">
      <Filter>Core\Source Files\Rendering</Filter>
    </ClCompile>
    <ClCompile Include="source\Core\Rendering\Texture.cpp">
      <Filter>Core\Source Files\Rendering</Filter>
    </ClCompile>
    <ClCompile Include="source\Core\Structures\Random.cpp">
      <Filter>Core\Source Files\Structures</Filter>
    </ClCompile>
    <ClCompile Include="source\AI\Pathfinding\AStar.cpp">
      <Filter>Project\Source Files\AI\Pathfinding</Filter>
    </ClCompile>
    <ClCompile Include="source\AI\Pathfinding\PathfindingNode.cpp">
      <Filter>Project\Source Files\AI\Pathfinding</Filter>
    </ClCompile>
    <ClCompile Include="source\AI\Pathfinding\PathfindingEdge.cpp">
      <Filter>Project\Source Files\AI\Pathfinding</Filter>
    </ClCompile>
    <ClCompile Include="source\AI\AiBrain.cpp">
      <Filter>Project\Source Files\AI</Filter>
    </ClCompile>
    <ClCompile Include="source\Agents\NameGenerator.cpp">
      <Filter>Project\Source Files</Filter>
    </ClCompile>
    <ClCompile Include="source\Core\Debugging\ImGuiTools.cpp">
      <Filter>Core\Source Files\Debugging</Filter>
    </ClCompile>
  </ItemGroup>
  <ItemGroup>
    <ClInclude Include="source\AiGame.h">
      <Filter>Project\Header Files</Filter>
    </ClInclude>
    <ClInclude Include="source\Core\Window.h">
      <Filter>Core\Header Files</Filter>
    </ClInclude>
    <ClInclude Include="source\Core\Game.h">
      <Filter>Core\Header Files</Filter>
    </ClInclude>
    <ClInclude Include="source\Core\Input.h">
      <Filter>Core\Header Files</Filter>
    </ClInclude>
    <ClInclude Include="source\Agents\AgentManager.h">
      <Filter>Project\Header Files\Agents</Filter>
    </ClInclude>
    <ClInclude Include="source\Agents\Agent.h">
      <Filter>Project\Header Files\Agents</Filter>
    </ClInclude>
    <ClInclude Include="source\Global.h">
      <Filter>Core\Header Files</Filter>
    </ClInclude>
    <ClInclude Include="source\Core\GameTime.h">
      <Filter>Core\Header Files</Filter>
    </ClInclude>
    <ClInclude Include="imgui\imgui.h">
      <Filter>ImGui\Header Files</Filter>
    </ClInclude>
    <ClInclude Include="imgui\imgui_impl_glfw.h">
      <Filter>ImGui\Header Files</Filter>
    </ClInclude>
    <ClInclude Include="imgui\imgui_impl_opengl3.h">
      <Filter>ImGui\Header Files</Filter>
    </ClInclude>
    <ClInclude Include="imgui\imgui_impl_opengl3_loader.h">
      <Filter>ImGui\Header Files</Filter>
    </ClInclude>
    <ClInclude Include="imgui\imgui_internal.h">
      <Filter>ImGui\Header Files</Filter>
    </ClInclude>
    <ClInclude Include="imgui\imstb_rectpack.h">
      <Filter>ImGui\Header Files</Filter>
    </ClInclude>
    <ClInclude Include="imgui\imstb_textedit.h">
      <Filter>ImGui\Header Files</Filter>
    </ClInclude>
    <ClInclude Include="imgui\imstb_truetype.h">
      <Filter>ImGui\Header Files</Filter>
    </ClInclude>
    <ClInclude Include="source\Core\Debugging\Debugger.h">
      <Filter>Core\Header Files\Debugging</Filter>
    </ClInclude>
    <ClInclude Include="source\Core\Debugging\IDebugHandler.h">
      <Filter>Core\Header Files\Debugging</Filter>
    </ClInclude>
    <ClInclude Include="source\Core\Rendering\Font.h">
      <Filter>Core\Header Files\Rendering</Filter>
    </ClInclude>
    <ClInclude Include="source\Core\Rendering\Renderer2D.h">
      <Filter>Core\Header Files\Rendering</Filter>
    </ClInclude>
    <ClInclude Include="source\Core\Rendering\Texture.h">
      <Filter>Core\Header Files\Rendering</Filter>
    </ClInclude>
    <ClInclude Include="source\Core\Structures\MultiValueStruct.h">
      <Filter>Core\Header Files\Structures</Filter>
    </ClInclude>
    <ClInclude Include="source\Core\Structures\PriorityHeap.h">
      <Filter>Core\Header Files\Structures</Filter>
    </ClInclude>
    <ClInclude Include="source\Core\Structures\Random.h">
      <Filter>Core\Header Files\Structures</Filter>
    </ClInclude>
    <ClInclude Include="source\AI\Pathfinding\AStar.h">
      <Filter>Project\Header Files\AI\Pathfinding</Filter>
    </ClInclude>
    <ClInclude Include="source\AI\Pathfinding\PathfindingNode.h">
      <Filter>Project\Header Files\AI\Pathfinding</Filter>
    </ClInclude>
    <ClInclude Include="source\AI\Pathfinding\PathfindingEdge.h">
      <Filter>Project\Header Files\AI\Pathfinding</Filter>
    </ClInclude>
    <ClInclude Include="source\AI\Pathfinding\PathfindingGraph.h">
      <Filter>Project\Header Files\AI\Pathfinding</Filter>
    </ClInclude>
    <ClInclude Include="source\AI\AiBrain.h">
      <Filter>Project\Header Files\AI</Filter>
    </ClInclude>
    <ClInclude Include="source\Agents\NameGenerator.h">
      <Filter>Project\Header Files</Filter>
    </ClInclude>
    <ClInclude Include="source\Core\Debugging\ImGuiTools.h">
      <Filter>Core\Header Files\Debugging</Filter>
    </ClInclude>
  </ItemGroup>
  <ItemGroup>
    <Font Include="resources\font\consolas.ttf">
      <Filter>Project\Resource Files\Font</Filter>
    </Font>
  </ItemGroup>
  <ItemGroup>
    <Image Include="resources\textures\node_map.png">
      <Filter>Project\Resource Files\Textures</Filter>
    </Image>
    <Image Include="resources\textures\obstacle_map.png">
      <Filter>Project\Resource Files\Textures</Filter>
    </Image>
    <Image Include="resources\textures\world_map.png">
      <Filter>Project\Resource Files\Textures</Filter>
    </Image>
  </ItemGroup>
  <ItemGroup>
    <Text Include="resources\configuration\first_names.txt">
      <Filter>Project\Resource Files\Configuration</Filter>
    </Text>
    <Text Include="resources\configuration\last_names.txt">
      <Filter>Project\Resource Files\Configuration</Filter>
    </Text>
  </ItemGroup>
</Project>