<?xml version="1.0" encoding="utf-8"?>
<Project ToolsVersion="4.0" xmlns="http://schemas.microsoft.com/developer/msbuild/2003">
  <ItemGroup>
    <Filter Include="ThirdParty">
      <UniqueIdentifier>{e74cbc6a-f218-4281-a298-42904b4c814f}</UniqueIdentifier>
    </Filter>
    <Filter Include="Project">
      <UniqueIdentifier>{17883ce3-cf5b-4b73-8850-72928b313f7b}</UniqueIdentifier>
    </Filter>
    <Filter Include="Project\Source Files">
      <UniqueIdentifier>{4FC737F1-C7A5-4376-A066-2A32D752A2FF}</UniqueIdentifier>
      <Extensions>cpp;c;cc;cxx;c++;cppm;ixx;def;odl;idl;hpj;bat;asm;asmx</Extensions>
    </Filter>
    <Filter Include="Project\Resource Files">
      <UniqueIdentifier>{67DA6AB6-F800-4c08-8B7A-83BB121AAD01}</UniqueIdentifier>
      <Extensions>rc;ico;cur;bmp;dlg;rc2;rct;bin;rgs;gif;jpg;jpeg;jpe;resx;tiff;tif;png;wav;mfcribbon-ms</Extensions>
    </Filter>
    <Filter Include="Project\Header Files">
      <UniqueIdentifier>{93995380-89BD-4b04-88EB-625FBE52EBFB}</UniqueIdentifier>
      <Extensions>h;hh;hpp;hxx;h++;hm;inl;inc;ipp;xsd</Extensions>
    </Filter>
    <Filter Include="ThirdParty\poly2tri">
      <UniqueIdentifier>{b18d76e9-85cd-4778-98ee-b258c4d2272c}</UniqueIdentifier>
    </Filter>
    <Filter Include="ThirdParty\imgui">
      <UniqueIdentifier>{3d99f431-6c55-4e42-a4ed-4fa76a8a80ef}</UniqueIdentifier>
    </Filter>
    <Filter Include="ThirdParty\imgui\Header Files">
      <UniqueIdentifier>{c67cc4d8-5449-497c-8b25-144a2c9b1d3f}</UniqueIdentifier>
    </Filter>
    <Filter Include="ThirdParty\imgui\Source Files">
      <UniqueIdentifier>{0f640630-0e8c-4aa2-9f17-31e5036f3347}</UniqueIdentifier>
    </Filter>
    <Filter Include="ThirdParty\poly2tri\Header Files">
      <UniqueIdentifier>{09d39cb7-3ea6-4dc1-9ddc-f00a5bf6bd50}</UniqueIdentifier>
    </Filter>
    <Filter Include="ThirdParty\poly2tri\Source Files">
      <UniqueIdentifier>{7f228940-ad57-4efc-a192-38a17469d384}</UniqueIdentifier>
    </Filter>
    <Filter Include="ThirdParty\poly2tri\Header Files\Common">
      <UniqueIdentifier>{373dc860-8b29-4e0c-a2df-44890d7758c0}</UniqueIdentifier>
    </Filter>
    <Filter Include="ThirdParty\poly2tri\Header Files\Sweep">
      <UniqueIdentifier>{81076848-2b2b-424c-8731-365ee95ed495}</UniqueIdentifier>
    </Filter>
    <Filter Include="ThirdParty\poly2tri\Source Files\Common">
      <UniqueIdentifier>{4b940a64-c4d9-4f71-a7d6-597ff01c8cbd}</UniqueIdentifier>
    </Filter>
    <Filter Include="ThirdParty\poly2tri\Source Files\Sweep">
      <UniqueIdentifier>{eb629a18-b75c-402e-b258-59d976841721}</UniqueIdentifier>
    </Filter>
    <Filter Include="Project\Resource Files\Configuration">
      <UniqueIdentifier>{8b6a2460-fae1-4566-8f58-7fbd41ce7b6b}</UniqueIdentifier>
    </Filter>
    <Filter Include="Project\Resource Files\Font">
      <UniqueIdentifier>{e811272d-8c3e-43e7-8efe-7b4d241a678b}</UniqueIdentifier>
    </Filter>
    <Filter Include="Project\Resource Files\Textures">
      <UniqueIdentifier>{0c938bbe-4fb7-4038-b919-dcf5fc121f4d}</UniqueIdentifier>
    </Filter>
    <Filter Include="Project\Resource Files\Tiled">
      <UniqueIdentifier>{b7b36b18-4756-408b-98e0-9de2a1adc373}</UniqueIdentifier>
    </Filter>
  </ItemGroup>
  <ItemGroup>
    <ClCompile Include="main.cpp">
      <Filter>Project\Source Files</Filter>
    </ClCompile>
    <ClCompile Include="imgui\imgui.cpp">
      <Filter>ThirdParty\imgui\Source Files</Filter>
    </ClCompile>
    <ClCompile Include="imgui\imgui_demo.cpp">
      <Filter>ThirdParty\imgui\Source Files</Filter>
    </ClCompile>
    <ClCompile Include="imgui\imgui_draw.cpp">
      <Filter>ThirdParty\imgui\Source Files</Filter>
    </ClCompile>
    <ClCompile Include="imgui\imgui_impl_glfw.cpp">
      <Filter>ThirdParty\imgui\Source Files</Filter>
    </ClCompile>
    <ClCompile Include="imgui\imgui_impl_opengl3.cpp">
      <Filter>ThirdParty\imgui\Source Files</Filter>
    </ClCompile>
    <ClCompile Include="imgui\imgui_tables.cpp">
      <Filter>ThirdParty\imgui\Source Files</Filter>
    </ClCompile>
    <ClCompile Include="imgui\imgui_widgets.cpp">
      <Filter>ThirdParty\imgui\Source Files</Filter>
    </ClCompile>
    <ClCompile Include="poly2tri\sweep\advancing_front.cc">
      <Filter>ThirdParty\poly2tri\Source Files\Sweep</Filter>
    </ClCompile>
    <ClCompile Include="poly2tri\common\shapes.cc">
      <Filter>ThirdParty\poly2tri\Source Files\Common</Filter>
    </ClCompile>
    <ClCompile Include="poly2tri\sweep\cdt.cc">
      <Filter>ThirdParty\poly2tri\Source Files\Sweep</Filter>
    </ClCompile>
    <ClCompile Include="poly2tri\sweep\sweep.cc">
      <Filter>ThirdParty\poly2tri\Source Files\Sweep</Filter>
    </ClCompile>
    <ClCompile Include="poly2tri\sweep\sweep_context.cc">
      <Filter>ThirdParty\poly2tri\Source Files\Sweep</Filter>
    </ClCompile>
    <ClCompile Include="source\AiApplication.cpp">
      <Filter>Project\Source Files</Filter>
    </ClCompile>
  </ItemGroup>
  <ItemGroup>
    <ClInclude Include="imgui\imgui_impl_opengl3.h">
      <Filter>ThirdParty\imgui\Header Files</Filter>
    </ClInclude>
    <ClInclude Include="imgui\imgui_impl_opengl3_loader.h">
      <Filter>ThirdParty\imgui\Header Files</Filter>
    </ClInclude>
    <ClInclude Include="imgui\imgui_internal.h">
      <Filter>ThirdParty\imgui\Header Files</Filter>
    </ClInclude>
    <ClInclude Include="imgui\imstb_rectpack.h">
      <Filter>ThirdParty\imgui\Header Files</Filter>
    </ClInclude>
    <ClInclude Include="imgui\imstb_textedit.h">
      <Filter>ThirdParty\imgui\Header Files</Filter>
    </ClInclude>
    <ClInclude Include="imgui\imstb_truetype.h">
      <Filter>ThirdParty\imgui\Header Files</Filter>
    </ClInclude>
    <ClInclude Include="imgui\imgui.h">
      <Filter>ThirdParty\imgui\Header Files</Filter>
    </ClInclude>
    <ClInclude Include="imgui\imgui_impl_glfw.h">
      <Filter>ThirdParty\imgui\Header Files</Filter>
    </ClInclude>
    <ClInclude Include="poly2tri\poly2tri.h">
      <Filter>ThirdParty\poly2tri\Header Files</Filter>
    </ClInclude>
    <ClInclude Include="poly2tri\common\shapes.h">
      <Filter>ThirdParty\poly2tri\Header Files\Common</Filter>
    </ClInclude>
    <ClInclude Include="poly2tri\common\utils.h">
      <Filter>ThirdParty\poly2tri\Header Files\Common</Filter>
    </ClInclude>
    <ClInclude Include="poly2tri\sweep\advancing_front.h">
      <Filter>ThirdParty\poly2tri\Header Files\Sweep</Filter>
    </ClInclude>
    <ClInclude Include="poly2tri\sweep\cdt.h">
      <Filter>ThirdParty\poly2tri\Header Files\Sweep</Filter>
    </ClInclude>
    <ClInclude Include="poly2tri\sweep\sweep.h">
      <Filter>ThirdParty\poly2tri\Header Files\Sweep</Filter>
    </ClInclude>
    <ClInclude Include="poly2tri\sweep\sweep_context.h">
      <Filter>ThirdParty\poly2tri\Header Files\Sweep</Filter>
    </ClInclude>
    <ClInclude Include="source\AiApplication.h">
      <Filter>Project\Header Files</Filter>
    </ClInclude>
  </ItemGroup>
  <ItemGroup>
    <Image Include="resources\textures\characters.png">
      <Filter>Project\Resource Files\Textures</Filter>
    </Image>
    <Image Include="resources\textures\node_map.png">
      <Filter>Project\Resource Files\Textures</Filter>
    </Image>
    <Image Include="resources\textures\obstacle_map.png">
      <Filter>Project\Resource Files\Textures</Filter>
    </Image>
    <Image Include="resources\textures\world_map.png">
      <Filter>Project\Resource Files\Textures</Filter>
    </Image>
    <Image Include="resources\tiled\roguelikeSheet_transparent.png">
      <Filter>Project\Resource Files\Tiled</Filter>
    </Image>
  </ItemGroup>
  <ItemGroup>
    <Text Include="resources\configuration\first_names.txt">
      <Filter>Project\Resource Files\Configuration</Filter>
    </Text>
    <Text Include="resources\configuration\last_names.txt">
      <Filter>Project\Resource Files\Configuration</Filter>
    </Text>
  </ItemGroup>
  <ItemGroup>
    <Font Include="resources\font\consolas.ttf">
      <Filter>Project\Resource Files\Font</Filter>
    </Font>
  </ItemGroup>
  <ItemGroup>
    <None Include="resources\tiled\world_map.tmx">
      <Filter>Project\Resource Files\Tiled</Filter>
    </None>
  </ItemGroup>
</Project>