<?xml version="1.0" encoding="utf-8"?>
<Project ToolsVersion="4.0" xmlns="http://schemas.microsoft.com/developer/msbuild/2003">
  <ItemGroup>
    <Filter Include="Core">
      <UniqueIdentifier>{8e74ed63-496b-43ce-b7ea-77b4b81dd90c}</UniqueIdentifier>
    </Filter>
    <Filter Include="Core\Header Files">
      <UniqueIdentifier>{148ac203-d1ea-41fb-a7aa-3d2fd83b302b}</UniqueIdentifier>
    </Filter>
    <Filter Include="Core\Source Files">
      <UniqueIdentifier>{359911b7-990e-4aab-9160-f115b7c49da0}</UniqueIdentifier>
    </Filter>
    <Filter Include="Project">
      <UniqueIdentifier>{dfcbd065-eb15-4cfd-a872-ab6c8d4dba40}</UniqueIdentifier>
    </Filter>
    <Filter Include="Project\Source Files">
      <UniqueIdentifier>{4FC737F1-C7A5-4376-A066-2A32D752A2FF}</UniqueIdentifier>
      <Extensions>cpp;c;cc;cxx;c++;cppm;ixx;def;odl;idl;hpj;bat;asm;asmx</Extensions>
    </Filter>
    <Filter Include="Project\Resource Files">
      <UniqueIdentifier>{67DA6AB6-F800-4c08-8B7A-83BB121AAD01}</UniqueIdentifier>
      <Extensions>rc;ico;cur;bmp;dlg;rc2;rct;bin;rgs;gif;jpg;jpeg;jpe;resx;tiff;tif;png;wav;mfcribbon-ms</Extensions>
    </Filter>
    <Filter Include="Project\Resource Files\Font">
      <UniqueIdentifier>{83ab2757-695c-4669-a291-bb2b13327db9}</UniqueIdentifier>
    </Filter>
    <Filter Include="Project\Header Files">
      <UniqueIdentifier>{93995380-89BD-4b04-88EB-625FBE52EBFB}</UniqueIdentifier>
      <Extensions>h;hh;hpp;hxx;h++;hm;inl;inc;ipp;xsd</Extensions>
    </Filter>
  </ItemGroup>
  <ItemGroup>
    <ClCompile Include="source\AiGame.cpp">
      <Filter>Project\Source Files</Filter>
    </ClCompile>
    <ClCompile Include="source\Core\Font.cpp">
      <Filter>Core\Source Files</Filter>
    </ClCompile>
    <ClCompile Include="source\Core\Game.cpp">
      <Filter>Core\Source Files</Filter>
    </ClCompile>
    <ClCompile Include="source\Core\Input.cpp">
      <Filter>Core\Source Files</Filter>
    </ClCompile>
    <ClCompile Include="source\Core\Renderer2D.cpp">
      <Filter>Core\Source Files</Filter>
    </ClCompile>
    <ClCompile Include="source\Core\Texture.cpp">
      <Filter>Core\Source Files</Filter>
    </ClCompile>
    <ClCompile Include="source\Core\Window.cpp">
      <Filter>Core\Source Files</Filter>
    </ClCompile>
    <ClCompile Include="main.cpp">
      <Filter>Core</Filter>
    </ClCompile>
  </ItemGroup>
  <ItemGroup>
    <ClInclude Include="source\AiGame.h">
      <Filter>Project\Header Files</Filter>
    </ClInclude>
    <ClInclude Include="source\Core\Window.h">
      <Filter>Core\Header Files</Filter>
    </ClInclude>
    <ClInclude Include="source\Core\Font.h">
      <Filter>Core\Header Files</Filter>
    </ClInclude>
    <ClInclude Include="source\Core\Game.h">
      <Filter>Core\Header Files</Filter>
    </ClInclude>
    <ClInclude Include="source\Core\Input.h">
      <Filter>Core\Header Files</Filter>
    </ClInclude>
    <ClInclude Include="source\Core\Renderer2D.h">
      <Filter>Core\Header Files</Filter>
    </ClInclude>
    <ClInclude Include="source\Core\Texture.h">
      <Filter>Core\Header Files</Filter>
    </ClInclude>
  </ItemGroup>
  <ItemGroup>
    <Font Include="resources\font\consolas.ttf">
      <Filter>Project\Resource Files\Font</Filter>
    </Font>
  </ItemGroup>
</Project>